
Microsoft Visual Studio Solution File, Format Version 12.00
# Visual Studio Version 17
VisualStudioVersion = 17.2.32519.379
MinimumVisualStudioVersion = 10.0.40219.1
Project("{9A19103F-16F7-4668-BE54-9A1E7A4F7556}") = "MoodAnalyzerProblem", "MoodAnalyzerProblem\MoodAnalyzerProblem.csproj", "{2B1B50FF-51B4-4E39-99EE-9E778A87D7D1}"
EndProject
Project("{FAE04EC0-301F-11D3-BF4B-00C04F79EFBC}") = "MoodAnalyzerMSTest", "MoodAnalyzerMSTest\MoodAnalyzerMSTest.csproj", "{B2775E20-4739-4E0E-B2EB-4FFF5FA41109}"
EndProject
Global
	GlobalSection(SolutionConfigurationPlatforms) = preSolution
		Debug|Any CPU = Debug|Any CPU
		Release|Any CPU = Release|Any CPU
	EndGlobalSection
	GlobalSection(ProjectConfigurationPlatforms) = postSolution
		{2B1B50FF-51B4-4E39-99EE-9E778A87D7D1}.Debug|Any CPU.ActiveCfg = Debug|Any CPU
		{2B1B50FF-51B4-4E39-99EE-9E778A87D7D1}.Debug|Any CPU.Build.0 = Debug|Any CPU
		{2B1B50FF-51B4-4E39-99EE-9E778A87D7D1}.Release|Any CPU.ActiveCfg = Release|Any CPU
		{2B1B50FF-51B4-4E39-99EE-9E778A87D7D1}.Release|Any CPU.Build.0 = Release|Any CPU
		{B2775E20-4739-4E0E-B2EB-4FFF5FA41109}.Debug|Any CPU.ActiveCfg = Debug|Any CPU
		{B2775E20-4739-4E0E-B2EB-4FFF5FA41109}.Debug|Any CPU.Build.0 = Debug|Any CPU
		{B2775E20-4739-4E0E-B2EB-4FFF5FA41109}.Release|Any CPU.ActiveCfg = Release|Any CPU
		{B2775E20-4739-4E0E-B2EB-4FFF5FA41109}.Release|Any CPU.Build.0 = Release|Any CPU
	EndGlobalSection
	GlobalSection(SolutionProperties) = preSolution
		HideSolutionNode = FALSE
	EndGlobalSection
	GlobalSection(ExtensibilityGlobals) = postSolution
		SolutionGuid = {27F61D3E-4E44-4E38-AC2E-93ACC6CD7731}
	EndGlobalSection
EndGlobal
